
Microsoft Visual Studio Solution File, Format Version 12.00
# Visual Studio 14
VisualStudioVersion = 14.0.25123.0
MinimumVisualStudioVersion = 10.0.40219.1
Project("{FAE04EC0-301F-11D3-BF4B-00C04F79EFBC}") = "Zxxk.Dos.Web", "Zxxk.Dos.Web\Zxxk.Dos.Web.csproj", "{EF51A87B-0956-4B8D-84B0-E38407F3D778}"
EndProject
Project("{FAE04EC0-301F-11D3-BF4B-00C04F79EFBC}") = "Zxxk.Dos.DataAccess", "Zxxk.Dos.DataAccess\Zxxk.Dos.DataAccess.csproj", "{4AFD4C14-F95C-4977-8162-2FED66BAA38D}"
EndProject
Project("{FAE04EC0-301F-11D3-BF4B-00C04F79EFBC}") = "Zxxk.Dos.DataModel", "Zxxk.Dos.DataModel\Zxxk.Dos.DataModel.csproj", "{7237170A-E0BA-4003-BADF-5E4F57D27272}"
EndProject
Project("{FAE04EC0-301F-11D3-BF4B-00C04F79EFBC}") = "Zxxk.Dos.UnitTest", "Zxxk.Dos.UnitTest\Zxxk.Dos.UnitTest.csproj", "{B7789777-42CB-44F9-BCB9-A522B0CB221B}"
EndProject
Project("{FAE04EC0-301F-11D3-BF4B-00C04F79EFBC}") = "Zxxk.Dos.Business", "Zxxk.Dos.Business\Zxxk.Dos.Business.csproj", "{6C2F9D3F-B7A4-4993-B0BF-D7B00E94B4E1}"
EndProject
Project("{2150E333-8FDC-42A3-9474-1A3956D46DE8}") = "05 Framewrok", "05 Framewrok", "{556AE2CD-8030-4B19-A08E-8B762E6764EE}"
EndProject
Project("{2150E333-8FDC-42A3-9474-1A3956D46DE8}") = "01 User Interface", "01 User Interface", "{887BE858-9F7C-4520-A553-A853C69A0606}"
EndProject
Project("{2150E333-8FDC-42A3-9474-1A3956D46DE8}") = "02 Business Logic", "02 Business Logic", "{BEBE46D0-1052-4BCA-BBF4-7CC066C7C321}"
EndProject
Project("{2150E333-8FDC-42A3-9474-1A3956D46DE8}") = "04 SOA Service", "04 SOA Service", "{7EB035DE-83FE-4CA0-A3AA-E27E2E0B8C79}"
EndProject
Project("{2150E333-8FDC-42A3-9474-1A3956D46DE8}") = "10 UnitTest", "10 UnitTest", "{B6D1C53A-8624-4DD7-BEA4-890293E5D3CB}"
EndProject
Project("{2150E333-8FDC-42A3-9474-1A3956D46DE8}") = "03 Service", "03 Service", "{FA1053EF-09A1-4195-A351-91B118FB23BE}"
EndProject
Project("{2150E333-8FDC-42A3-9474-1A3956D46DE8}") = "DataServices", "DataServices", "{75822408-50C3-4680-9DA3-60330F2E37A1}"
EndProject
Project("{2150E333-8FDC-42A3-9474-1A3956D46DE8}") = "Document", "Document", "{D0FF25EB-20D9-4111-ACD4-A9B2FD4A0B8A}"
EndProject
Project("{2150E333-8FDC-42A3-9474-1A3956D46DE8}") = "Library", "Library", "{337780D3-4E57-4F02-AB78-AD6FA30D2B41}"
EndProject
Project("{2150E333-8FDC-42A3-9474-1A3956D46DE8}") = "Assembly", "Assembly", "{E89DFC3A-5AD2-496E-9913-E0C8D31A8221}"
EndProject
Global
	GlobalSection(SolutionConfigurationPlatforms) = preSolution
		Debug|Any CPU = Debug|Any CPU
		Release|Any CPU = Release|Any CPU
	EndGlobalSection
	GlobalSection(ProjectConfigurationPlatforms) = postSolution
		{EF51A87B-0956-4B8D-84B0-E38407F3D778}.Debug|Any CPU.ActiveCfg = Debug|Any CPU
		{EF51A87B-0956-4B8D-84B0-E38407F3D778}.Debug|Any CPU.Build.0 = Debug|Any CPU
		{EF51A87B-0956-4B8D-84B0-E38407F3D778}.Release|Any CPU.ActiveCfg = Release|Any CPU
		{EF51A87B-0956-4B8D-84B0-E38407F3D778}.Release|Any CPU.Build.0 = Release|Any CPU
		{4AFD4C14-F95C-4977-8162-2FED66BAA38D}.Debug|Any CPU.ActiveCfg = Debug|Any CPU
		{4AFD4C14-F95C-4977-8162-2FED66BAA38D}.Debug|Any CPU.Build.0 = Debug|Any CPU
		{4AFD4C14-F95C-4977-8162-2FED66BAA38D}.Release|Any CPU.ActiveCfg = Release|Any CPU
		{4AFD4C14-F95C-4977-8162-2FED66BAA38D}.Release|Any CPU.Build.0 = Release|Any CPU
		{7237170A-E0BA-4003-BADF-5E4F57D27272}.Debug|Any CPU.ActiveCfg = Debug|Any CPU
		{7237170A-E0BA-4003-BADF-5E4F57D27272}.Debug|Any CPU.Build.0 = Debug|Any CPU
		{7237170A-E0BA-4003-BADF-5E4F57D27272}.Release|Any CPU.ActiveCfg = Release|Any CPU
		{7237170A-E0BA-4003-BADF-5E4F57D27272}.Release|Any CPU.Build.0 = Release|Any CPU
		{B7789777-42CB-44F9-BCB9-A522B0CB221B}.Debug|Any CPU.ActiveCfg = Debug|Any CPU
		{B7789777-42CB-44F9-BCB9-A522B0CB221B}.Debug|Any CPU.Build.0 = Debug|Any CPU
		{B7789777-42CB-44F9-BCB9-A522B0CB221B}.Release|Any CPU.ActiveCfg = Release|Any CPU
		{B7789777-42CB-44F9-BCB9-A522B0CB221B}.Release|Any CPU.Build.0 = Release|Any CPU
		{6C2F9D3F-B7A4-4993-B0BF-D7B00E94B4E1}.Debug|Any CPU.ActiveCfg = Debug|Any CPU
		{6C2F9D3F-B7A4-4993-B0BF-D7B00E94B4E1}.Debug|Any CPU.Build.0 = Debug|Any CPU
		{6C2F9D3F-B7A4-4993-B0BF-D7B00E94B4E1}.Release|Any CPU.ActiveCfg = Release|Any CPU
		{6C2F9D3F-B7A4-4993-B0BF-D7B00E94B4E1}.Release|Any CPU.Build.0 = Release|Any CPU
	EndGlobalSection
	GlobalSection(SolutionProperties) = preSolution
		HideSolutionNode = FALSE
	EndGlobalSection
	GlobalSection(NestedProjects) = preSolution
		{EF51A87B-0956-4B8D-84B0-E38407F3D778} = {887BE858-9F7C-4520-A553-A853C69A0606}
		{4AFD4C14-F95C-4977-8162-2FED66BAA38D} = {75822408-50C3-4680-9DA3-60330F2E37A1}
		{7237170A-E0BA-4003-BADF-5E4F57D27272} = {FA1053EF-09A1-4195-A351-91B118FB23BE}
		{B7789777-42CB-44F9-BCB9-A522B0CB221B} = {B6D1C53A-8624-4DD7-BEA4-890293E5D3CB}
		{6C2F9D3F-B7A4-4993-B0BF-D7B00E94B4E1} = {BEBE46D0-1052-4BCA-BBF4-7CC066C7C321}
		{75822408-50C3-4680-9DA3-60330F2E37A1} = {FA1053EF-09A1-4195-A351-91B118FB23BE}
	EndGlobalSection
EndGlobal
